// !$*UTF8*$!
{
	archiveVersion = 1;
	classes = {
	};
	objectVersion = 46;
	objects = {

/* Begin PBXBuildFile section */
		62D785CD1AD1EEFA009DB57A /* main.m in Sources */ = {isa = PBXBuildFile; fileRef = 62D785CC1AD1EEFA009DB57A /* main.m */; };
		62D785D01AD1EEFA009DB57A /* AppDelegate.m in Sources */ = {isa = PBXBuildFile; fileRef = 62D785CF1AD1EEFA009DB57A /* AppDelegate.m */; };
		62D785D31AD1EEFA009DB57A /* ViewController.m in Sources */ = {isa = PBXBuildFile; fileRef = 62D785D21AD1EEFA009DB57A /* ViewController.m */; };
		62D785D61AD1EEFA009DB57A /* Main.storyboard in Resources */ = {isa = PBXBuildFile; fileRef = 62D785D41AD1EEFA009DB57A /* Main.storyboard */; };
		62D785D81AD1EEFA009DB57A /* Images.xcassets in Resources */ = {isa = PBXBuildFile; fileRef = 62D785D71AD1EEFA009DB57A /* Images.xcassets */; };
		62D785DB1AD1EEFA009DB57A /* LaunchScreen.xib in Resources */ = {isa = PBXBuildFile; fileRef = 62D785D91AD1EEFA009DB57A /* LaunchScreen.xib */; };
		62D785E71AD1EEFA009DB57A /* iTombolaTests.m in Sources */ = {isa = PBXBuildFile; fileRef = 62D785E61AD1EEFA009DB57A /* iTombolaTests.m */; };
/* End PBXBuildFile section */

/* Begin PBXContainerItemProxy section */
		62D785E11AD1EEFA009DB57A /* PBXContainerItemProxy */ = {
			isa = PBXContainerItemProxy;
			containerPortal = 62D785BF1AD1EEFA009DB57A /* Project object */;
			proxyType = 1;
			remoteGlobalIDString = 62D785C61AD1EEFA009DB57A;
			remoteInfo = iTombola;
		};
/* End PBXContainerItemProxy section */

/* Begin PBXFileReference section */
		62D785C71AD1EEFA009DB57A /* iTombola.app */ = {isa = PBXFileReference; explicitFileType = wrapper.application; includeInIndex = 0; path = iTombola.app; sourceTree = BUILT_PRODUCTS_DIR; };
		62D785CB1AD1EEFA009DB57A /* Info.plist */ = {isa = PBXFileReference; lastKnownFileType = text.plist.xml; path = Info.plist; sourceTree = "<group>"; };
		62D785CC1AD1EEFA009DB57A /* main.m */ = {isa = PBXFileReference; lastKnownFileType = sourcecode.c.objc; path = main.m; sourceTree = "<group>"; };
		62D785CE1AD1EEFA009DB57A /* AppDelegate.h */ = {isa = PBXFileReference; lastKnownFileType = sourcecode.c.h; path = AppDelegate.h; sourceTree = "<group>"; };
		62D785CF1AD1EEFA009DB57A /* AppDelegate.m */ = {isa = PBXFileReference; lastKnownFileType = sourcecode.c.objc; path = AppDelegate.m; sourceTree = "<group>"; };
		62D785D11AD1EEFA009DB57A /* ViewController.h */ = {isa = PBXFileReference; lastKnownFileType = sourcecode.c.h; path = ViewController.h; sourceTree = "<group>"; };
		62D785D21AD1EEFA009DB57A /* ViewController.m */ = {isa = PBXFileReference; lastKnownFileType = sourcecode.c.objc; path = ViewController.m; sourceTree = "<group>"; };
		62D785D51AD1EEFA009DB57A /* Base */ = {isa = PBXFileReference; lastKnownFileType = file.storyboard; name = Base; path = Base.lproj/Main.storyboard; sourceTree = "<group>"; };
		62D785D71AD1EEFA009DB57A /* Images.xcassets */ = {isa = PBXFileReference; lastKnownFileType = folder.assetcatalog; path = Images.xcassets; sourceTree = "<group>"; };
		62D785DA1AD1EEFA009DB57A /* Base */ = {isa = PBXFileReference; lastKnownFileType = file.xib; name = Base; path = Base.lproj/LaunchScreen.xib; sourceTree = "<group>"; };
		62D785E01AD1EEFA009DB57A /* iTombolaTests.xctest */ = {isa = PBXFileReference; explicitFileType = wrapper.cfbundle; includeInIndex = 0; path = iTombolaTests.xctest; sourceTree = BUILT_PRODUCTS_DIR; };
		62D785E51AD1EEFA009DB57A /* Info.plist */ = {isa = PBXFileReference; lastKnownFileType = text.plist.xml; path = Info.plist; sourceTree = "<group>"; };
		62D785E61AD1EEFA009DB57A /* iTombolaTests.m */ = {isa = PBXFileReference; lastKnownFileType = sourcecode.c.objc; path = iTombolaTests.m; sourceTree = "<group>"; };
/* End PBXFileReference section */

/* Begin PBXFrameworksBuildPhase section */
		62D785C41AD1EEFA009DB57A /* Frameworks */ = {
			isa = PBXFrameworksBuildPhase;
			buildActionMask = 2147483647;
			files = (
			);
			runOnlyForDeploymentPostprocessing = 0;
		};
		62D785DD1AD1EEFA009DB57A /* Frameworks */ = {
			isa = PBXFrameworksBuildPhase;
			buildActionMask = 2147483647;
			files = (
			);
			runOnlyForDeploymentPostprocessing = 0;
		};
/* End PBXFrameworksBuildPhase section */

/* Begin PBXGroup section */
		62D785BE1AD1EEFA009DB57A = {
			isa = PBXGroup;
			children = (
				62D785C91AD1EEFA009DB57A /* iTombola */,
				62D785E31AD1EEFA009DB57A /* iTombolaTests */,
				62D785C81AD1EEFA009DB57A /* Products */,
			);
			sourceTree = "<group>";
		};
		62D785C81AD1EEFA009DB57A /* Products */ = {
			isa = PBXGroup;
			children = (
				62D785C71AD1EEFA009DB57A /* iTombola.app */,
				62D785E01AD1EEFA009DB57A /* iTombolaTests.xctest */,
			);
			name = Products;
			sourceTree = "<group>";
		};
		62D785C91AD1EEFA009DB57A /* iTombola */ = {
			isa = PBXGroup;
			children = (
				62D785CE1AD1EEFA009DB57A /* AppDelegate.h */,
				62D785CF1AD1EEFA009DB57A /* AppDelegate.m */,
				62D785D11AD1EEFA009DB57A /* ViewController.h */,
				62D785D21AD1EEFA009DB57A /* ViewController.m */,
				62D785D41AD1EEFA009DB57A /* Main.storyboard */,
				62D785D71AD1EEFA009DB57A /* Images.xcassets */,
				62D785D91AD1EEFA009DB57A /* LaunchScreen.xib */,
				62D785CA1AD1EEFA009DB57A /* Supporting Files */,
			);
			path = iTombola;
			sourceTree = "<group>";
		};
		62D785CA1AD1EEFA009DB57A /* Supporting Files */ = {
			isa = PBXGroup;
			children = (
				62D785CB1AD1EEFA009DB57A /* Info.plist */,
				62D785CC1AD1EEFA009DB57A /* main.m */,
			);
			name = "Supporting Files";
			sourceTree = "<group>";
		};
		62D785E31AD1EEFA009DB57A /* iTombolaTests */ = {
			isa = PBXGroup;
			children = (
				62D785E61AD1EEFA009DB57A /* iTombolaTests.m */,
				62D785E41AD1EEFA009DB57A /* Supporting Files */,
			);
			path = iTombolaTests;
			sourceTree = "<group>";
		};
		62D785E41AD1EEFA009DB57A /* Supporting Files */ = {
			isa = PBXGroup;
			children = (
				62D785E51AD1EEFA009DB57A /* Info.plist */,
			);
			name = "Supporting Files";
			sourceTree = "<group>";
		};
/* End PBXGroup section */

/* Begin PBXNativeTarget section */
		62D785C61AD1EEFA009DB57A /* iTombola */ = {
			isa = PBXNativeTarget;
			buildConfigurationList = 62D785EA1AD1EEFA009DB57A /* Build configuration list for PBXNativeTarget "iTombola" */;
			buildPhases = (
				62D785C31AD1EEFA009DB57A /* Sources */,
				62D785C41AD1EEFA009DB57A /* Frameworks */,
				62D785C51AD1EEFA009DB57A /* Resources */,
			);
			buildRules = (
			);
			dependencies = (
			);
			name = iTombola;
			productName = iTombola;
			productReference = 62D785C71AD1EEFA009DB57A /* iTombola.app */;
			productType = "com.apple.product-type.application";
		};
		62D785DF1AD1EEFA009DB57A /* iTombolaTests */ = {
			isa = PBXNativeTarget;
			buildConfigurationList = 62D785ED1AD1EEFA009DB57A /* Build configuration list for PBXNativeTarget "iTombolaTests" */;
			buildPhases = (
				62D785DC1AD1EEFA009DB57A /* Sources */,
				62D785DD1AD1EEFA009DB57A /* Frameworks */,
				62D785DE1AD1EEFA009DB57A /* Resources */,
			);
			buildRules = (
			);
			dependencies = (
				62D785E21AD1EEFA009DB57A /* PBXTargetDependency */,
			);
			name = iTombolaTests;
			productName = iTombolaTests;
			productReference = 62D785E01AD1EEFA009DB57A /* iTombolaTests.xctest */;
			productType = "com.apple.product-type.bundle.unit-test";
		};
/* End PBXNativeTarget section */

/* Begin PBXProject section */
		62D785BF1AD1EEFA009DB57A /* Project object */ = {
			isa = PBXProject;
			attributes = {
				LastUpgradeCheck = 0620;
				ORGANIZATIONNAME = Baufest;
				TargetAttributes = {
					62D785C61AD1EEFA009DB57A = {
						CreatedOnToolsVersion = 6.2;
					};
					62D785DF1AD1EEFA009DB57A = {
						CreatedOnToolsVersion = 6.2;
						TestTargetID = 62D785C61AD1EEFA009DB57A;
					};
				};
			};
			buildConfigurationList = 62D785C21AD1EEFA009DB57A /* Build configuration list for PBXProject "iTombola" */;
			compatibilityVersion = "Xcode 3.2";
			developmentRegion = English;
			hasScannedForEncodings = 0;
			knownRegions = (
				en,
				Base,
			);
			mainGroup = 62D785BE1AD1EEFA009DB57A;
			productRefGroup = 62D785C81AD1EEFA009DB57A /* Products */;
			projectDirPath = "";
			projectRoot = "";
			targets = (
				62D785C61AD1EEFA009DB57A /* iTombola */,
				62D785DF1AD1EEFA009DB57A /* iTombolaTests */,
			);
		};
/* End PBXProject section */

/* Begin PBXResourcesBuildPhase section */
		62D785C51AD1EEFA009DB57A /* Resources */ = {
			isa = PBXResourcesBuildPhase;
			buildActionMask = 2147483647;
			files = (
				62D785D61AD1EEFA009DB57A /* Main.storyboard in Resources */,
				62D785DB1AD1EEFA009DB57A /* LaunchScreen.xib in Resources */,
				62D785D81AD1EEFA009DB57A /* Images.xcassets in Resources */,
			);
			runOnlyForDeploymentPostprocessing = 0;
		};
		62D785DE1AD1EEFA009DB57A /* Resources */ = {
			isa = PBXResourcesBuildPhase;
			buildActionMask = 2147483647;
			files = (
			);
			runOnlyForDeploymentPostprocessing = 0;
		};
/* End PBXResourcesBuildPhase section */

/* Begin PBXSourcesBuildPhase section */
		62D785C31AD1EEFA009DB57A /* Sources */ = {
			isa = PBXSourcesBuildPhase;
			buildActionMask = 2147483647;
			files = (
				62D785D31AD1EEFA009DB57A /* ViewController.m in Sources */,
				62D785D01AD1EEFA009DB57A /* AppDelegate.m in Sources */,
				62D785CD1AD1EEFA009DB57A /* main.m in Sources */,
			);
			runOnlyForDeploymentPostprocessing = 0;
		};
		62D785DC1AD1EEFA009DB57A /* Sources */ = {
			isa = PBXSourcesBuildPhase;
			buildActionMask = 2147483647;
			files = (
				62D785E71AD1EEFA009DB57A /* iTombolaTests.m in Sources */,
			);
			runOnlyForDeploymentPostprocessing = 0;
		};
/* End PBXSourcesBuildPhase section */

/* Begin PBXTargetDependency section */
		62D785E21AD1EEFA009DB57A /* PBXTargetDependency */ = {
			isa = PBXTargetDependency;
			target = 62D785C61AD1EEFA009DB57A /* iTombola */;
			targetProxy = 62D785E11AD1EEFA009DB57A /* PBXContainerItemProxy */;
		};
/* End PBXTargetDependency section */

/* Begin PBXVariantGroup section */
		62D785D41AD1EEFA009DB57A /* Main.storyboard */ = {
			isa = PBXVariantGroup;
			children = (
				62D785D51AD1EEFA009DB57A /* Base */,
			);
			name = Main.storyboard;
			sourceTree = "<group>";
		};
		62D785D91AD1EEFA009DB57A /* LaunchScreen.xib */ = {
			isa = PBXVariantGroup;
			children = (
				62D785DA1AD1EEFA009DB57A /* Base */,
			);
			name = LaunchScreen.xib;
			sourceTree = "<group>";
		};
/* End PBXVariantGroup section */

/* Begin XCBuildConfiguration section */
		62D785E81AD1EEFA009DB57A /* Debug */ = {
			isa = XCBuildConfiguration;
			buildSettings = {
				ALWAYS_SEARCH_USER_PATHS = NO;
				CLANG_CXX_LANGUAGE_STANDARD = "gnu++0x";
				CLANG_CXX_LIBRARY = "libc++";
				CLANG_ENABLE_MODULES = YES;
				CLANG_ENABLE_OBJC_ARC = YES;
				CLANG_WARN_BOOL_CONVERSION = YES;
				CLANG_WARN_CONSTANT_CONVERSION = YES;
				CLANG_WARN_DIRECT_OBJC_ISA_USAGE = YES_ERROR;
				CLANG_WARN_EMPTY_BODY = YES;
				CLANG_WARN_ENUM_CONVERSION = YES;
				CLANG_WARN_INT_CONVERSION = YES;
				CLANG_WARN_OBJC_ROOT_CLASS = YES_ERROR;
				CLANG_WARN_UNREACHABLE_CODE = YES;
				CLANG_WARN__DUPLICATE_METHOD_MATCH = YES;
				"CODE_SIGN_IDENTITY[sdk=iphoneos*]" = "iPhone Developer";
				COPY_PHASE_STRIP = NO;
				ENABLE_STRICT_OBJC_MSGSEND = YES;
				GCC_C_LANGUAGE_STANDARD = gnu99;
				GCC_DYNAMIC_NO_PIC = NO;
				GCC_OPTIMIZATION_LEVEL = 0;
				GCC_PREPROCESSOR_DEFINITIONS = (
					"DEBUG=1",
					"$(inherited)",
				);
				GCC_SYMBOLS_PRIVATE_EXTERN = NO;
				GCC_WARN_64_TO_32_BIT_CONVERSION = YES;
				GCC_WARN_ABOUT_RETURN_TYPE = YES_ERROR;
				GCC_WARN_UNDECLARED_SELECTOR = YES;
				GCC_WARN_UNINITIALIZED_AUTOS = YES_AGGRESSIVE;
				GCC_WARN_UNUSED_FUNCTION = YES;
				GCC_WARN_UNUSED_VARIABLE = YES;
				IPHONEOS_DEPLOYMENT_TARGET = 8.2;
				MTL_ENABLE_DEBUG_INFO = YES;
				ONLY_ACTIVE_ARCH = YES;
				SDKROOT = iphoneos;
			};
			name = Debug;
		};
		62D785E91AD1EEFA009DB57A /* Release */ = {
			isa = XCBuildConfiguration;
			buildSettings = {
				ALWAYS_SEARCH_USER_PATHS = NO;
				CLANG_CXX_LANGUAGE_STANDARD = "gnu++0x";
				CLANG_CXX_LIBRARY = "libc++";
				CLANG_ENABLE_MODULES = YES;
				CLANG_ENABLE_OBJC_ARC = YES;
				CLANG_WARN_BOOL_CONVERSION = YES;
				CLANG_WARN_CONSTANT_CONVERSION = YES;
				CLANG_WARN_DIRECT_OBJC_ISA_USAGE = YES_ERROR;
				CLANG_WARN_EMPTY_BODY = YES;
				CLANG_WARN_ENUM_CONVERSION = YES;
				CLANG_WARN_INT_CONVERSION = YES;
				CLANG_WARN_OBJC_ROOT_CLASS = YES_ERROR;
				CLANG_WARN_UNREACHABLE_CODE = YES;
				CLANG_WARN__DUPLICATE_METHOD_MATCH = YES;
				"CODE_SIGN_IDENTITY[sdk=iphoneos*]" = "iPhone Developer";
				COPY_PHASE_STRIP = NO;
				ENABLE_NS_ASSERTIONS = NO;
				ENABLE_STRICT_OBJC_MSGSEND = YES;
				GCC_C_LANGUAGE_STANDARD = gnu99;
				GCC_WARN_64_TO_32_BIT_CONVERSION = YES;
				GCC_WARN_ABOUT_RETURN_TYPE = YES_ERROR;
				GCC_WARN_UNDECLARED_SELECTOR = YES;
				GCC_WARN_UNINITIALIZED_AUTOS = YES_AGGRESSIVE;
				GCC_WARN_UNUSED_FUNCTION = YES;
				GCC_WARN_UNUSED_VARIABLE = YES;
				IPHONEOS_DEPLOYMENT_TARGET = 8.2;
				MTL_ENABLE_DEBUG_INFO = NO;
				SDKROOT = iphoneos;
				VALIDATE_PRODUCT = YES;
			};
			name = Release;
		};
		62D785EB1AD1EEFA009DB57A /* Debug */ = {
			isa = XCBuildConfiguration;
			buildSettings = {
				ASSETCATALOG_COMPILER_APPICON_NAME = AppIcon;
				INFOPLIST_FILE = iTombola/Info.plist;
				IPHONEOS_DEPLOYMENT_TARGET = 7.0;
				LD_RUNPATH_SEARCH_PATHS = "$(inherited) @executable_path/Frameworks";
				PRODUCT_NAME = "$(TARGET_NAME)";
			};
			name = Debug;
		};
		62D785EC1AD1EEFA009DB57A /* Release */ = {
			isa = XCBuildConfiguration;
			buildSettings = {
				ASSETCATALOG_COMPILER_APPICON_NAME = AppIcon;
				INFOPLIST_FILE = iTombola/Info.plist;
				IPHONEOS_DEPLOYMENT_TARGET = 7.0;
				LD_RUNPATH_SEARCH_PATHS = "$(inherited) @executable_path/Frameworks";
				PRODUCT_NAME = "$(TARGET_NAME)";
			};
			name = Release;
		};
		62D785EE1AD1EEFA009DB57A /* Debug */ = {
			isa = XCBuildConfiguration;
			buildSettings = {
				BUNDLE_LOADER = "$(TEST_HOST)";
				FRAMEWORK_SEARCH_PATHS = (
					"$(SDKROOT)/Developer/Library/Frameworks",
					"$(inherited)",
				);
				GCC_PREPROCESSOR_DEFINITIONS = (
					"DEBUG=1",
					"$(inherited)",
				);
				INFOPLIST_FILE = iTombolaTests/Info.plist;
				LD_RUNPATH_SEARCH_PATHS = "$(inherited) @executable_path/Frameworks @loader_path/Frameworks";
				PRODUCT_NAME = "$(TARGET_NAME)";
				TEST_HOST = "$(BUILT_PRODUCTS_DIR)/iTombola.app/iTombola";
			};
			name = Debug;
		};
		62D785EF1AD1EEFA009DB57A /* Release */ = {
			isa = XCBuildConfiguration;
			buildSettings = {
				BUNDLE_LOADER = "$(TEST_HOST)";
				FRAMEWORK_SEARCH_PATHS = (
					"$(SDKROOT)/Developer/Library/Frameworks",
					"$(inherited)",
				);
				INFOPLIST_FILE = iTombolaTests/Info.plist;
				LD_RUNPATH_SEARCH_PATHS = "$(inherited) @executable_path/Frameworks @loader_path/Frameworks";
				PRODUCT_NAME = "$(TARGET_NAME)";
				TEST_HOST = "$(BUILT_PRODUCTS_DIR)/iTombola.app/iTombola";
			};
			name = Release;
		};
/* End XCBuildConfiguration section */

/* Begin XCConfigurationList section */
		62D785C21AD1EEFA009DB57A /* Build configuration list for PBXProject "iTombola" */ = {
			isa = XCConfigurationList;
			buildConfigurations = (
				62D785E81AD1EEFA009DB57A /* Debug */,
				62D785E91AD1EEFA009DB57A /* Release */,
			);
			defaultConfigurationIsVisible = 0;
			defaultConfigurationName = Release;
		};
		62D785EA1AD1EEFA009DB57A /* Build configuration list for PBXNativeTarget "iTombola" */ = {
			isa = XCConfigurationList;
			buildConfigurations = (
				62D785EB1AD1EEFA009DB57A /* Debug */,
				62D785EC1AD1EEFA009DB57A /* Release */,
			);
			defaultConfigurationIsVisible = 0;
		};
		62D785ED1AD1EEFA009DB57A /* Build configuration list for PBXNativeTarget "iTombolaTests" */ = {
			isa = XCConfigurationList;
			buildConfigurations = (
				62D785EE1AD1EEFA009DB57A /* Debug */,
				62D785EF1AD1EEFA009DB57A /* Release */,
			);
			defaultConfigurationIsVisible = 0;
		};
/* End XCConfigurationList section */
	};
	rootObject = 62D785BF1AD1EEFA009DB57A /* Project object */;
}
